// !$*UTF8*$!
{
	archiveVersion = 1;
	classes = {
	};
	objectVersion = 50;
	objects = {

/* Begin PBXBuildFile section */
		BA0700D126F8CDBF009B0B0A /* AppDelegate.m in Sources */ = {isa = PBXBuildFile; fileRef = BA0700D026F8CDBF009B0B0A /* AppDelegate.m */; };
		BA0700D426F8CDBF009B0B0A /* SceneDelegate.m in Sources */ = {isa = PBXBuildFile; fileRef = BA0700D326F8CDBF009B0B0A /* SceneDelegate.m */; };
		BA0700D726F8CDBF009B0B0A /* ViewController.m in Sources */ = {isa = PBXBuildFile; fileRef = BA0700D626F8CDBF009B0B0A /* ViewController.m */; };
		BA0700DA26F8CDBF009B0B0A /* Main.storyboard in Resources */ = {isa = PBXBuildFile; fileRef = BA0700D826F8CDBF009B0B0A /* Main.storyboard */; };
		BA0700DC26F8CDC3009B0B0A /* Assets.xcassets in Resources */ = {isa = PBXBuildFile; fileRef = BA0700DB26F8CDC3009B0B0A /* Assets.xcassets */; };
		BA0700DF26F8CDC3009B0B0A /* LaunchScreen.storyboard in Resources */ = {isa = PBXBuildFile; fileRef = BA0700DD26F8CDC3009B0B0A /* LaunchScreen.storyboard */; };
		BA0700E226F8CDC3009B0B0A /* main.m in Sources */ = {isa = PBXBuildFile; fileRef = BA0700E126F8CDC3009B0B0A /* main.m */; };
/* End PBXBuildFile section */

/* Begin PBXFileReference section */
		BA0700CC26F8CDBF009B0B0A /* MountainMath.app */ = {isa = PBXFileReference; explicitFileType = wrapper.application; includeInIndex = 0; path = MountainMath.app; sourceTree = BUILT_PRODUCTS_DIR; };
		BA0700CF26F8CDBF009B0B0A /* AppDelegate.h */ = {isa = PBXFileReference; lastKnownFileType = sourcecode.c.h; path = AppDelegate.h; sourceTree = "<group>"; };
		BA0700D026F8CDBF009B0B0A /* AppDelegate.m */ = {isa = PBXFileReference; lastKnownFileType = sourcecode.c.objc; path = AppDelegate.m; sourceTree = "<group>"; };
		BA0700D226F8CDBF009B0B0A /* SceneDelegate.h */ = {isa = PBXFileReference; lastKnownFileType = sourcecode.c.h; path = SceneDelegate.h; sourceTree = "<group>"; };
		BA0700D326F8CDBF009B0B0A /* SceneDelegate.m */ = {isa = PBXFileReference; lastKnownFileType = sourcecode.c.objc; path = SceneDelegate.m; sourceTree = "<group>"; };
		BA0700D526F8CDBF009B0B0A /* ViewController.h */ = {isa = PBXFileReference; lastKnownFileType = sourcecode.c.h; path = ViewController.h; sourceTree = "<group>"; };
		BA0700D626F8CDBF009B0B0A /* ViewController.m */ = {isa = PBXFileReference; lastKnownFileType = sourcecode.c.objc; path = ViewController.m; sourceTree = "<group>"; };
		BA0700D926F8CDBF009B0B0A /* Base */ = {isa = PBXFileReference; lastKnownFileType = file.storyboard; name = Base; path = Base.lproj/Main.storyboard; sourceTree = "<group>"; };
		BA0700DB26F8CDC3009B0B0A /* Assets.xcassets */ = {isa = PBXFileReference; lastKnownFileType = folder.assetcatalog; path = Assets.xcassets; sourceTree = "<group>"; };
		BA0700DE26F8CDC3009B0B0A /* Base */ = {isa = PBXFileReference; lastKnownFileType = file.storyboard; name = Base; path = Base.lproj/LaunchScreen.storyboard; sourceTree = "<group>"; };
		BA0700E026F8CDC3009B0B0A /* Info.plist */ = {isa = PBXFileReference; lastKnownFileType = text.plist.xml; path = Info.plist; sourceTree = "<group>"; };
		BA0700E126F8CDC3009B0B0A /* main.m */ = {isa = PBXFileReference; lastKnownFileType = sourcecode.c.objc; path = main.m; sourceTree = "<group>"; };
/* End PBXFileReference section */

/* Begin PBXFrameworksBuildPhase section */
		BA0700C926F8CDBF009B0B0A /* Frameworks */ = {
			isa = PBXFrameworksBuildPhase;
			buildActionMask = 2147483647;
			files = (
			);
			runOnlyForDeploymentPostprocessing = 0;
		};
/* End PBXFrameworksBuildPhase section */

/* Begin PBXGroup section */
		BA0700C326F8CDBF009B0B0A = {
			isa = PBXGroup;
			children = (
				BA0700CE26F8CDBF009B0B0A /* MountainMath */,
				BA0700CD26F8CDBF009B0B0A /* Products */,
			);
			sourceTree = "<group>";
		};
		BA0700CD26F8CDBF009B0B0A /* Products */ = {
			isa = PBXGroup;
			children = (
				BA0700CC26F8CDBF009B0B0A /* MountainMath.app */,
			);
			name = Products;
			sourceTree = "<group>";
		};
		BA0700CE26F8CDBF009B0B0A /* MountainMath */ = {
			isa = PBXGroup;
			children = (
				BA0700CF26F8CDBF009B0B0A /* AppDelegate.h */,
				BA0700D026F8CDBF009B0B0A /* AppDelegate.m */,
				BA0700D226F8CDBF009B0B0A /* SceneDelegate.h */,
				BA0700D326F8CDBF009B0B0A /* SceneDelegate.m */,
				BA0700D526F8CDBF009B0B0A /* ViewController.h */,
				BA0700D626F8CDBF009B0B0A /* ViewController.m */,
				BA0700D826F8CDBF009B0B0A /* Main.storyboard */,
				BA0700DB26F8CDC3009B0B0A /* Assets.xcassets */,
				BA0700DD26F8CDC3009B0B0A /* LaunchScreen.storyboard */,
				BA0700E026F8CDC3009B0B0A /* Info.plist */,
				BA0700E126F8CDC3009B0B0A /* main.m */,
			);
			path = MountainMath;
			sourceTree = "<group>";
		};
/* End PBXGroup section */

/* Begin PBXNativeTarget section */
		BA0700CB26F8CDBF009B0B0A /* MountainMath */ = {
			isa = PBXNativeTarget;
			buildConfigurationList = BA0700E526F8CDC3009B0B0A /* Build configuration list for PBXNativeTarget "MountainMath" */;
			buildPhases = (
				BA0700C826F8CDBF009B0B0A /* Sources */,
				BA0700C926F8CDBF009B0B0A /* Frameworks */,
				BA0700CA26F8CDBF009B0B0A /* Resources */,
			);
			buildRules = (
			);
			dependencies = (
			);
			name = MountainMath;
			productName = MountainMath;
			productReference = BA0700CC26F8CDBF009B0B0A /* MountainMath.app */;
			productType = "com.apple.product-type.application";
		};
/* End PBXNativeTarget section */

/* Begin PBXProject section */
		BA0700C426F8CDBF009B0B0A /* Project object */ = {
			isa = PBXProject;
			attributes = {
				LastUpgradeCheck = 1250;
				TargetAttributes = {
					BA0700CB26F8CDBF009B0B0A = {
						CreatedOnToolsVersion = 12.5.1;
					};
				};
			};
			buildConfigurationList = BA0700C726F8CDBF009B0B0A /* Build configuration list for PBXProject "MountainMath" */;
			compatibilityVersion = "Xcode 9.3";
			developmentRegion = en;
			hasScannedForEncodings = 0;
			knownRegions = (
				en,
				Base,
			);
			mainGroup = BA0700C326F8CDBF009B0B0A;
			productRefGroup = BA0700CD26F8CDBF009B0B0A /* Products */;
			projectDirPath = "";
			projectRoot = "";
			targets = (
				BA0700CB26F8CDBF009B0B0A /* MountainMath */,
			);
		};
/* End PBXProject section */

/* Begin PBXResourcesBuildPhase section */
		BA0700CA26F8CDBF009B0B0A /* Resources */ = {
			isa = PBXResourcesBuildPhase;
			buildActionMask = 2147483647;
			files = (
				BA0700DF26F8CDC3009B0B0A /* LaunchScreen.storyboard in Resources */,
				BA0700DC26F8CDC3009B0B0A /* Assets.xcassets in Resources */,
				BA0700DA26F8CDBF009B0B0A /* Main.storyboard in Resources */,
			);
			runOnlyForDeploymentPostprocessing = 0;
		};
/* End PBXResourcesBuildPhase section */

/* Begin PBXSourcesBuildPhase section */
		BA0700C826F8CDBF009B0B0A /* Sources */ = {
			isa = PBXSourcesBuildPhase;
			buildActionMask = 2147483647;
			files = (
				BA0700D726F8CDBF009B0B0A /* ViewController.m in Sources */,
				BA0700D126F8CDBF009B0B0A /* AppDelegate.m in Sources */,
				BA0700E226F8CDC3009B0B0A /* main.m in Sources */,
				BA0700D426F8CDBF009B0B0A /* SceneDelegate.m in Sources */,
			);
			runOnlyForDeploymentPostprocessing = 0;
		};
/* End PBXSourcesBuildPhase section */

/* Begin PBXVariantGroup section */
		BA0700D826F8CDBF009B0B0A /* Main.storyboard */ = {
			isa = PBXVariantGroup;
			children = (
				BA0700D926F8CDBF009B0B0A /* Base */,
			);
			name = Main.storyboard;
			sourceTree = "<group>";
		};
		BA0700DD26F8CDC3009B0B0A /* LaunchScreen.storyboard */ = {
			isa = PBXVariantGroup;
			children = (
				BA0700DE26F8CDC3009B0B0A /* Base */,
			);
			name = LaunchScreen.storyboard;
			sourceTree = "<group>";
		};
/* End PBXVariantGroup section */

/* Begin XCBuildConfiguration section */
		BA0700E326F8CDC3009B0B0A /* Debug */ = {
			isa = XCBuildConfiguration;
			buildSettings = {
				ALWAYS_SEARCH_USER_PATHS = NO;
				CLANG_ANALYZER_NONNULL = YES;
				CLANG_ANALYZER_NUMBER_OBJECT_CONVERSION = YES_AGGRESSIVE;
				CLANG_CXX_LANGUAGE_STANDARD = "gnu++14";
				CLANG_CXX_LIBRARY = "libc++";
				CLANG_ENABLE_MODULES = YES;
				CLANG_ENABLE_OBJC_ARC = YES;
				CLANG_ENABLE_OBJC_WEAK = YES;
				CLANG_WARN_BLOCK_CAPTURE_AUTORELEASING = YES;
				CLANG_WARN_BOOL_CONVERSION = YES;
				CLANG_WARN_COMMA = YES;
				CLANG_WARN_CONSTANT_CONVERSION = YES;
				CLANG_WARN_DEPRECATED_OBJC_IMPLEMENTATIONS = YES;
				CLANG_WARN_DIRECT_OBJC_ISA_USAGE = YES_ERROR;
				CLANG_WARN_DOCUMENTATION_COMMENTS = YES;
				CLANG_WARN_EMPTY_BODY = YES;
				CLANG_WARN_ENUM_CONVERSION = YES;
				CLANG_WARN_INFINITE_RECURSION = YES;
				CLANG_WARN_INT_CONVERSION = YES;
				CLANG_WARN_NON_LITERAL_NULL_CONVERSION = YES;
				CLANG_WARN_OBJC_IMPLICIT_RETAIN_SELF = YES;
				CLANG_WARN_OBJC_LITERAL_CONVERSION = YES;
				CLANG_WARN_OBJC_ROOT_CLASS = YES_ERROR;
				CLANG_WARN_QUOTED_INCLUDE_IN_FRAMEWORK_HEADER = YES;
				CLANG_WARN_RANGE_LOOP_ANALYSIS = YES;
				CLANG_WARN_STRICT_PROTOTYPES = YES;
				CLANG_WARN_SUSPICIOUS_MOVE = YES;
				CLANG_WARN_UNGUARDED_AVAILABILITY = YES_AGGRESSIVE;
				CLANG_WARN_UNREACHABLE_CODE = YES;
				CLANG_WARN__DUPLICATE_METHOD_MATCH = YES;
				COPY_PHASE_STRIP = NO;
				DEBUG_INFORMATION_FORMAT = dwarf;
				ENABLE_STRICT_OBJC_MSGSEND = YES;
				ENABLE_TESTABILITY = YES;
				GCC_C_LANGUAGE_STANDARD = gnu11;
				GCC_DYNAMIC_NO_PIC = NO;
				GCC_NO_COMMON_BLOCKS = YES;
				GCC_OPTIMIZATION_LEVEL = 0;
				GCC_PREPROCESSOR_DEFINITIONS = (
					"DEBUG=1",
					"$(inherited)",
				);
				GCC_WARN_64_TO_32_BIT_CONVERSION = YES;
				GCC_WARN_ABOUT_RETURN_TYPE = YES_ERROR;
				GCC_WARN_UNDECLARED_SELECTOR = YES;
				GCC_WARN_UNINITIALIZED_AUTOS = YES_AGGRESSIVE;
				GCC_WARN_UNUSED_FUNCTION = YES;
				GCC_WARN_UNUSED_VARIABLE = YES;
				IPHONEOS_DEPLOYMENT_TARGET = 14.5;
				MTL_ENABLE_DEBUG_INFO = INCLUDE_SOURCE;
				MTL_FAST_MATH = YES;
				ONLY_ACTIVE_ARCH = YES;
				SDKROOT = iphoneos;
			};
			name = Debug;
		};
		BA0700E426F8CDC3009B0B0A /* Release */ = {
			isa = XCBuildConfiguration;
			buildSettings = {
				ALWAYS_SEARCH_USER_PATHS = NO;
				CLANG_ANALYZER_NONNULL = YES;
				CLANG_ANALYZER_NUMBER_OBJECT_CONVERSION = YES_AGGRESSIVE;
				CLANG_CXX_LANGUAGE_STANDARD = "gnu++14";
				CLANG_CXX_LIBRARY = "libc++";
				CLANG_ENABLE_MODULES = YES;
				CLANG_ENABLE_OBJC_ARC = YES;
				CLANG_ENABLE_OBJC_WEAK = YES;
				CLANG_WARN_BLOCK_CAPTURE_AUTORELEASING = YES;
				CLANG_WARN_BOOL_CONVERSION = YES;
				CLANG_WARN_COMMA = YES;
				CLANG_WARN_CONSTANT_CONVERSION = YES;
				CLANG_WARN_DEPRECATED_OBJC_IMPLEMENTATIONS = YES;
				CLANG_WARN_DIRECT_OBJC_ISA_USAGE = YES_ERROR;
				CLANG_WARN_DOCUMENTATION_COMMENTS = YES;
				CLANG_WARN_EMPTY_BODY = YES;
				CLANG_WARN_ENUM_CONVERSION = YES;
				CLANG_WARN_INFINITE_RECURSION = YES;
				CLANG_WARN_INT_CONVERSION = YES;
				CLANG_WARN_NON_LITERAL_NULL_CONVERSION = YES;
				CLANG_WARN_OBJC_IMPLICIT_RETAIN_SELF = YES;
				CLANG_WARN_OBJC_LITERAL_CONVERSION = YES;
				CLANG_WARN_OBJC_ROOT_CLASS = YES_ERROR;
				CLANG_WARN_QUOTED_INCLUDE_IN_FRAMEWORK_HEADER = YES;
				CLANG_WARN_RANGE_LOOP_ANALYSIS = YES;
				CLANG_WARN_STRICT_PROTOTYPES = YES;
				CLANG_WARN_SUSPICIOUS_MOVE = YES;
				CLANG_WARN_UNGUARDED_AVAILABILITY = YES_AGGRESSIVE;
				CLANG_WARN_UNREACHABLE_CODE = YES;
				CLANG_WARN__DUPLICATE_METHOD_MATCH = YES;
				COPY_PHASE_STRIP = NO;
				DEBUG_INFORMATION_FORMAT = "dwarf-with-dsym";
				ENABLE_NS_ASSERTIONS = NO;
				ENABLE_STRICT_OBJC_MSGSEND = YES;
				GCC_C_LANGUAGE_STANDARD = gnu11;
				GCC_NO_COMMON_BLOCKS = YES;
				GCC_WARN_64_TO_32_BIT_CONVERSION = YES;
				GCC_WARN_ABOUT_RETURN_TYPE = YES_ERROR;
				GCC_WARN_UNDECLARED_SELECTOR = YES;
				GCC_WARN_UNINITIALIZED_AUTOS = YES_AGGRESSIVE;
				GCC_WARN_UNUSED_FUNCTION = YES;
				GCC_WARN_UNUSED_VARIABLE = YES;
				IPHONEOS_DEPLOYMENT_TARGET = 14.5;
				MTL_ENABLE_DEBUG_INFO = NO;
				MTL_FAST_MATH = YES;
				SDKROOT = iphoneos;
				VALIDATE_PRODUCT = YES;
			};
			name = Release;
		};
		BA0700E626F8CDC3009B0B0A /* Debug */ = {
			isa = XCBuildConfiguration;
			buildSettings = {
				ASSETCATALOG_COMPILER_APPICON_NAME = AppIcon;
				ASSETCATALOG_COMPILER_GLOBAL_ACCENT_COLOR_NAME = AccentColor;
				CODE_SIGN_STYLE = Automatic;
				INFOPLIST_FILE = MountainMath/Info.plist;
				LD_RUNPATH_SEARCH_PATHS = (
					"$(inherited)",
					"@executable_path/Frameworks",
				);
				PRODUCT_BUNDLE_IDENTIFIER = br.com.example.MountainMath;
				PRODUCT_NAME = "$(TARGET_NAME)";
				TARGETED_DEVICE_FAMILY = "1,2";
			};
			name = Debug;
		};
		BA0700E726F8CDC3009B0B0A /* Release */ = {
			isa = XCBuildConfiguration;
			buildSettings = {
				ASSETCATALOG_COMPILER_APPICON_NAME = AppIcon;
				ASSETCATALOG_COMPILER_GLOBAL_ACCENT_COLOR_NAME = AccentColor;
				CODE_SIGN_STYLE = Automatic;
				INFOPLIST_FILE = MountainMath/Info.plist;
				LD_RUNPATH_SEARCH_PATHS = (
					"$(inherited)",
					"@executable_path/Frameworks",
				);
				PRODUCT_BUNDLE_IDENTIFIER = br.com.example.MountainMath;
				PRODUCT_NAME = "$(TARGET_NAME)";
				TARGETED_DEVICE_FAMILY = "1,2";
			};
			name = Release;
		};
/* End XCBuildConfiguration section */

/* Begin XCConfigurationList section */
		BA0700C726F8CDBF009B0B0A /* Build configuration list for PBXProject "MountainMath" */ = {
			isa = XCConfigurationList;
			buildConfigurations = (
				BA0700E326F8CDC3009B0B0A /* Debug */,
				BA0700E426F8CDC3009B0B0A /* Release */,
			);
			defaultConfigurationIsVisible = 0;
			defaultConfigurationName = Release;
		};
		BA0700E526F8CDC3009B0B0A /* Build configuration list for PBXNativeTarget "MountainMath" */ = {
			isa = XCConfigurationList;
			buildConfigurations = (
				BA0700E626F8CDC3009B0B0A /* Debug */,
				BA0700E726F8CDC3009B0B0A /* Release */,
			);
			defaultConfigurationIsVisible = 0;
			defaultConfigurationName = Release;
		};
/* End XCConfigurationList section */
	};
	rootObject = BA0700C426F8CDBF009B0B0A /* Project object */;
}
