// !$*UTF8*$!
{
	archiveVersion = 1;
	classes = {
	};
	objectVersion = 55;
	objects = {

/* Begin PBXBuildFile section */
		BA04D04526FB67FC0034E121 /* AppDelegate.m in Sources */ = {isa = PBXBuildFile; fileRef = BA04D04426FB67FC0034E121 /* AppDelegate.m */; };
		BA04D04826FB67FC0034E121 /* SceneDelegate.m in Sources */ = {isa = PBXBuildFile; fileRef = BA04D04726FB67FC0034E121 /* SceneDelegate.m */; };
		BA04D04B26FB67FC0034E121 /* ViewController.m in Sources */ = {isa = PBXBuildFile; fileRef = BA04D04A26FB67FC0034E121 /* ViewController.m */; };
		BA04D04E26FB67FC0034E121 /* Main.storyboard in Resources */ = {isa = PBXBuildFile; fileRef = BA04D04C26FB67FC0034E121 /* Main.storyboard */; };
		BA04D05026FB67FD0034E121 /* Assets.xcassets in Resources */ = {isa = PBXBuildFile; fileRef = BA04D04F26FB67FD0034E121 /* Assets.xcassets */; };
		BA04D05326FB67FD0034E121 /* LaunchScreen.storyboard in Resources */ = {isa = PBXBuildFile; fileRef = BA04D05126FB67FD0034E121 /* LaunchScreen.storyboard */; };
		BA04D05626FB67FD0034E121 /* main.m in Sources */ = {isa = PBXBuildFile; fileRef = BA04D05526FB67FD0034E121 /* main.m */; };
/* End PBXBuildFile section */

/* Begin PBXFileReference section */
		BA04D04026FB67FC0034E121 /* ArrayFun.app */ = {isa = PBXFileReference; explicitFileType = wrapper.application; includeInIndex = 0; path = ArrayFun.app; sourceTree = BUILT_PRODUCTS_DIR; };
		BA04D04326FB67FC0034E121 /* AppDelegate.h */ = {isa = PBXFileReference; lastKnownFileType = sourcecode.c.h; path = AppDelegate.h; sourceTree = "<group>"; };
		BA04D04426FB67FC0034E121 /* AppDelegate.m */ = {isa = PBXFileReference; lastKnownFileType = sourcecode.c.objc; path = AppDelegate.m; sourceTree = "<group>"; };
		BA04D04626FB67FC0034E121 /* SceneDelegate.h */ = {isa = PBXFileReference; lastKnownFileType = sourcecode.c.h; path = SceneDelegate.h; sourceTree = "<group>"; };
		BA04D04726FB67FC0034E121 /* SceneDelegate.m */ = {isa = PBXFileReference; lastKnownFileType = sourcecode.c.objc; path = SceneDelegate.m; sourceTree = "<group>"; };
		BA04D04926FB67FC0034E121 /* ViewController.h */ = {isa = PBXFileReference; lastKnownFileType = sourcecode.c.h; path = ViewController.h; sourceTree = "<group>"; };
		BA04D04A26FB67FC0034E121 /* ViewController.m */ = {isa = PBXFileReference; lastKnownFileType = sourcecode.c.objc; path = ViewController.m; sourceTree = "<group>"; };
		BA04D04D26FB67FC0034E121 /* Base */ = {isa = PBXFileReference; lastKnownFileType = file.storyboard; name = Base; path = Base.lproj/Main.storyboard; sourceTree = "<group>"; };
		BA04D04F26FB67FD0034E121 /* Assets.xcassets */ = {isa = PBXFileReference; lastKnownFileType = folder.assetcatalog; path = Assets.xcassets; sourceTree = "<group>"; };
		BA04D05226FB67FD0034E121 /* Base */ = {isa = PBXFileReference; lastKnownFileType = file.storyboard; name = Base; path = Base.lproj/LaunchScreen.storyboard; sourceTree = "<group>"; };
		BA04D05426FB67FD0034E121 /* Info.plist */ = {isa = PBXFileReference; lastKnownFileType = text.plist.xml; path = Info.plist; sourceTree = "<group>"; };
		BA04D05526FB67FD0034E121 /* main.m */ = {isa = PBXFileReference; lastKnownFileType = sourcecode.c.objc; path = main.m; sourceTree = "<group>"; };
/* End PBXFileReference section */

/* Begin PBXFrameworksBuildPhase section */
		BA04D03D26FB67FC0034E121 /* Frameworks */ = {
			isa = PBXFrameworksBuildPhase;
			buildActionMask = 2147483647;
			files = (
			);
			runOnlyForDeploymentPostprocessing = 0;
		};
/* End PBXFrameworksBuildPhase section */

/* Begin PBXGroup section */
		BA04D03726FB67FC0034E121 = {
			isa = PBXGroup;
			children = (
				BA04D04226FB67FC0034E121 /* ArrayFun */,
				BA04D04126FB67FC0034E121 /* Products */,
			);
			sourceTree = "<group>";
		};
		BA04D04126FB67FC0034E121 /* Products */ = {
			isa = PBXGroup;
			children = (
				BA04D04026FB67FC0034E121 /* ArrayFun.app */,
			);
			name = Products;
			sourceTree = "<group>";
		};
		BA04D04226FB67FC0034E121 /* ArrayFun */ = {
			isa = PBXGroup;
			children = (
				BA04D04326FB67FC0034E121 /* AppDelegate.h */,
				BA04D04426FB67FC0034E121 /* AppDelegate.m */,
				BA04D04626FB67FC0034E121 /* SceneDelegate.h */,
				BA04D04726FB67FC0034E121 /* SceneDelegate.m */,
				BA04D04F26FB67FD0034E121 /* Assets.xcassets */,
				BA04D05426FB67FD0034E121 /* Info.plist */,
				BA04D05526FB67FD0034E121 /* main.m */,
				BA04D05C26FB683C0034E121 /* Model */,
				BA04D05D26FB68430034E121 /* View */,
				BA04D05E26FB684A0034E121 /* Controller */,
			);
			path = ArrayFun;
			sourceTree = "<group>";
		};
		BA04D05C26FB683C0034E121 /* Model */ = {
			isa = PBXGroup;
			children = (
			);
			path = Model;
			sourceTree = "<group>";
		};
		BA04D05D26FB68430034E121 /* View */ = {
			isa = PBXGroup;
			children = (
				BA04D04C26FB67FC0034E121 /* Main.storyboard */,
				BA04D05126FB67FD0034E121 /* LaunchScreen.storyboard */,
			);
			path = View;
			sourceTree = "<group>";
		};
		BA04D05E26FB684A0034E121 /* Controller */ = {
			isa = PBXGroup;
			children = (
				BA04D04926FB67FC0034E121 /* ViewController.h */,
				BA04D04A26FB67FC0034E121 /* ViewController.m */,
			);
			path = Controller;
			sourceTree = "<group>";
		};
/* End PBXGroup section */

/* Begin PBXNativeTarget section */
		BA04D03F26FB67FC0034E121 /* ArrayFun */ = {
			isa = PBXNativeTarget;
			buildConfigurationList = BA04D05926FB67FD0034E121 /* Build configuration list for PBXNativeTarget "ArrayFun" */;
			buildPhases = (
				BA04D03C26FB67FC0034E121 /* Sources */,
				BA04D03D26FB67FC0034E121 /* Frameworks */,
				BA04D03E26FB67FC0034E121 /* Resources */,
			);
			buildRules = (
			);
			dependencies = (
			);
			name = ArrayFun;
			productName = ArrayFun;
			productReference = BA04D04026FB67FC0034E121 /* ArrayFun.app */;
			productType = "com.apple.product-type.application";
		};
/* End PBXNativeTarget section */

/* Begin PBXProject section */
		BA04D03826FB67FC0034E121 /* Project object */ = {
			isa = PBXProject;
			attributes = {
				BuildIndependentTargetsInParallel = 1;
				LastUpgradeCheck = 1300;
				TargetAttributes = {
					BA04D03F26FB67FC0034E121 = {
						CreatedOnToolsVersion = 13.0;
					};
				};
			};
			buildConfigurationList = BA04D03B26FB67FC0034E121 /* Build configuration list for PBXProject "ArrayFun" */;
			compatibilityVersion = "Xcode 13.0";
			developmentRegion = en;
			hasScannedForEncodings = 0;
			knownRegions = (
				en,
				Base,
			);
			mainGroup = BA04D03726FB67FC0034E121;
			productRefGroup = BA04D04126FB67FC0034E121 /* Products */;
			projectDirPath = "";
			projectRoot = "";
			targets = (
				BA04D03F26FB67FC0034E121 /* ArrayFun */,
			);
		};
/* End PBXProject section */

/* Begin PBXResourcesBuildPhase section */
		BA04D03E26FB67FC0034E121 /* Resources */ = {
			isa = PBXResourcesBuildPhase;
			buildActionMask = 2147483647;
			files = (
				BA04D05326FB67FD0034E121 /* LaunchScreen.storyboard in Resources */,
				BA04D05026FB67FD0034E121 /* Assets.xcassets in Resources */,
				BA04D04E26FB67FC0034E121 /* Main.storyboard in Resources */,
			);
			runOnlyForDeploymentPostprocessing = 0;
		};
/* End PBXResourcesBuildPhase section */

/* Begin PBXSourcesBuildPhase section */
		BA04D03C26FB67FC0034E121 /* Sources */ = {
			isa = PBXSourcesBuildPhase;
			buildActionMask = 2147483647;
			files = (
				BA04D04B26FB67FC0034E121 /* ViewController.m in Sources */,
				BA04D04526FB67FC0034E121 /* AppDelegate.m in Sources */,
				BA04D05626FB67FD0034E121 /* main.m in Sources */,
				BA04D04826FB67FC0034E121 /* SceneDelegate.m in Sources */,
			);
			runOnlyForDeploymentPostprocessing = 0;
		};
/* End PBXSourcesBuildPhase section */

/* Begin PBXVariantGroup section */
		BA04D04C26FB67FC0034E121 /* Main.storyboard */ = {
			isa = PBXVariantGroup;
			children = (
				BA04D04D26FB67FC0034E121 /* Base */,
			);
			name = Main.storyboard;
			sourceTree = "<group>";
		};
		BA04D05126FB67FD0034E121 /* LaunchScreen.storyboard */ = {
			isa = PBXVariantGroup;
			children = (
				BA04D05226FB67FD0034E121 /* Base */,
			);
			name = LaunchScreen.storyboard;
			sourceTree = "<group>";
		};
/* End PBXVariantGroup section */

/* Begin XCBuildConfiguration section */
		BA04D05726FB67FD0034E121 /* Debug */ = {
			isa = XCBuildConfiguration;
			buildSettings = {
				ALWAYS_SEARCH_USER_PATHS = NO;
				CLANG_ANALYZER_NONNULL = YES;
				CLANG_ANALYZER_NUMBER_OBJECT_CONVERSION = YES_AGGRESSIVE;
				CLANG_CXX_LANGUAGE_STANDARD = "gnu++17";
				CLANG_CXX_LIBRARY = "libc++";
				CLANG_ENABLE_MODULES = YES;
				CLANG_ENABLE_OBJC_ARC = YES;
				CLANG_ENABLE_OBJC_WEAK = YES;
				CLANG_WARN_BLOCK_CAPTURE_AUTORELEASING = YES;
				CLANG_WARN_BOOL_CONVERSION = YES;
				CLANG_WARN_COMMA = YES;
				CLANG_WARN_CONSTANT_CONVERSION = YES;
				CLANG_WARN_DEPRECATED_OBJC_IMPLEMENTATIONS = YES;
				CLANG_WARN_DIRECT_OBJC_ISA_USAGE = YES_ERROR;
				CLANG_WARN_DOCUMENTATION_COMMENTS = YES;
				CLANG_WARN_EMPTY_BODY = YES;
				CLANG_WARN_ENUM_CONVERSION = YES;
				CLANG_WARN_INFINITE_RECURSION = YES;
				CLANG_WARN_INT_CONVERSION = YES;
				CLANG_WARN_NON_LITERAL_NULL_CONVERSION = YES;
				CLANG_WARN_OBJC_IMPLICIT_RETAIN_SELF = YES;
				CLANG_WARN_OBJC_LITERAL_CONVERSION = YES;
				CLANG_WARN_OBJC_ROOT_CLASS = YES_ERROR;
				CLANG_WARN_QUOTED_INCLUDE_IN_FRAMEWORK_HEADER = YES;
				CLANG_WARN_RANGE_LOOP_ANALYSIS = YES;
				CLANG_WARN_STRICT_PROTOTYPES = YES;
				CLANG_WARN_SUSPICIOUS_MOVE = YES;
				CLANG_WARN_UNGUARDED_AVAILABILITY = YES_AGGRESSIVE;
				CLANG_WARN_UNREACHABLE_CODE = YES;
				CLANG_WARN__DUPLICATE_METHOD_MATCH = YES;
				COPY_PHASE_STRIP = NO;
				DEBUG_INFORMATION_FORMAT = dwarf;
				ENABLE_STRICT_OBJC_MSGSEND = YES;
				ENABLE_TESTABILITY = YES;
				GCC_C_LANGUAGE_STANDARD = gnu11;
				GCC_DYNAMIC_NO_PIC = NO;
				GCC_NO_COMMON_BLOCKS = YES;
				GCC_OPTIMIZATION_LEVEL = 0;
				GCC_PREPROCESSOR_DEFINITIONS = (
					"DEBUG=1",
					"$(inherited)",
				);
				GCC_WARN_64_TO_32_BIT_CONVERSION = YES;
				GCC_WARN_ABOUT_RETURN_TYPE = YES_ERROR;
				GCC_WARN_UNDECLARED_SELECTOR = YES;
				GCC_WARN_UNINITIALIZED_AUTOS = YES_AGGRESSIVE;
				GCC_WARN_UNUSED_FUNCTION = YES;
				GCC_WARN_UNUSED_VARIABLE = YES;
				IPHONEOS_DEPLOYMENT_TARGET = 15.0;
				MTL_ENABLE_DEBUG_INFO = INCLUDE_SOURCE;
				MTL_FAST_MATH = YES;
				ONLY_ACTIVE_ARCH = YES;
				SDKROOT = iphoneos;
			};
			name = Debug;
		};
		BA04D05826FB67FD0034E121 /* Release */ = {
			isa = XCBuildConfiguration;
			buildSettings = {
				ALWAYS_SEARCH_USER_PATHS = NO;
				CLANG_ANALYZER_NONNULL = YES;
				CLANG_ANALYZER_NUMBER_OBJECT_CONVERSION = YES_AGGRESSIVE;
				CLANG_CXX_LANGUAGE_STANDARD = "gnu++17";
				CLANG_CXX_LIBRARY = "libc++";
				CLANG_ENABLE_MODULES = YES;
				CLANG_ENABLE_OBJC_ARC = YES;
				CLANG_ENABLE_OBJC_WEAK = YES;
				CLANG_WARN_BLOCK_CAPTURE_AUTORELEASING = YES;
				CLANG_WARN_BOOL_CONVERSION = YES;
				CLANG_WARN_COMMA = YES;
				CLANG_WARN_CONSTANT_CONVERSION = YES;
				CLANG_WARN_DEPRECATED_OBJC_IMPLEMENTATIONS = YES;
				CLANG_WARN_DIRECT_OBJC_ISA_USAGE = YES_ERROR;
				CLANG_WARN_DOCUMENTATION_COMMENTS = YES;
				CLANG_WARN_EMPTY_BODY = YES;
				CLANG_WARN_ENUM_CONVERSION = YES;
				CLANG_WARN_INFINITE_RECURSION = YES;
				CLANG_WARN_INT_CONVERSION = YES;
				CLANG_WARN_NON_LITERAL_NULL_CONVERSION = YES;
				CLANG_WARN_OBJC_IMPLICIT_RETAIN_SELF = YES;
				CLANG_WARN_OBJC_LITERAL_CONVERSION = YES;
				CLANG_WARN_OBJC_ROOT_CLASS = YES_ERROR;
				CLANG_WARN_QUOTED_INCLUDE_IN_FRAMEWORK_HEADER = YES;
				CLANG_WARN_RANGE_LOOP_ANALYSIS = YES;
				CLANG_WARN_STRICT_PROTOTYPES = YES;
				CLANG_WARN_SUSPICIOUS_MOVE = YES;
				CLANG_WARN_UNGUARDED_AVAILABILITY = YES_AGGRESSIVE;
				CLANG_WARN_UNREACHABLE_CODE = YES;
				CLANG_WARN__DUPLICATE_METHOD_MATCH = YES;
				COPY_PHASE_STRIP = NO;
				DEBUG_INFORMATION_FORMAT = "dwarf-with-dsym";
				ENABLE_NS_ASSERTIONS = NO;
				ENABLE_STRICT_OBJC_MSGSEND = YES;
				GCC_C_LANGUAGE_STANDARD = gnu11;
				GCC_NO_COMMON_BLOCKS = YES;
				GCC_WARN_64_TO_32_BIT_CONVERSION = YES;
				GCC_WARN_ABOUT_RETURN_TYPE = YES_ERROR;
				GCC_WARN_UNDECLARED_SELECTOR = YES;
				GCC_WARN_UNINITIALIZED_AUTOS = YES_AGGRESSIVE;
				GCC_WARN_UNUSED_FUNCTION = YES;
				GCC_WARN_UNUSED_VARIABLE = YES;
				IPHONEOS_DEPLOYMENT_TARGET = 15.0;
				MTL_ENABLE_DEBUG_INFO = NO;
				MTL_FAST_MATH = YES;
				SDKROOT = iphoneos;
				VALIDATE_PRODUCT = YES;
			};
			name = Release;
		};
		BA04D05A26FB67FD0034E121 /* Debug */ = {
			isa = XCBuildConfiguration;
			buildSettings = {
				ASSETCATALOG_COMPILER_APPICON_NAME = AppIcon;
				ASSETCATALOG_COMPILER_GLOBAL_ACCENT_COLOR_NAME = AccentColor;
				CODE_SIGN_STYLE = Automatic;
				CURRENT_PROJECT_VERSION = 1;
				GENERATE_INFOPLIST_FILE = YES;
				INFOPLIST_FILE = ArrayFun/Info.plist;
				INFOPLIST_KEY_UIApplicationSupportsIndirectInputEvents = YES;
				INFOPLIST_KEY_UILaunchStoryboardName = LaunchScreen;
				INFOPLIST_KEY_UIMainStoryboardFile = Main;
				INFOPLIST_KEY_UISupportedInterfaceOrientations_iPad = "UIInterfaceOrientationPortrait UIInterfaceOrientationPortraitUpsideDown UIInterfaceOrientationLandscapeLeft UIInterfaceOrientationLandscapeRight";
				INFOPLIST_KEY_UISupportedInterfaceOrientations_iPhone = "UIInterfaceOrientationPortrait UIInterfaceOrientationLandscapeLeft UIInterfaceOrientationLandscapeRight";
				LD_RUNPATH_SEARCH_PATHS = (
					"$(inherited)",
					"@executable_path/Frameworks",
				);
				MARKETING_VERSION = 1.0;
				PRODUCT_BUNDLE_IDENTIFIER = br.com.example.ArrayFun;
				PRODUCT_NAME = "$(TARGET_NAME)";
				SWIFT_EMIT_LOC_STRINGS = YES;
				TARGETED_DEVICE_FAMILY = "1,2";
			};
			name = Debug;
		};
		BA04D05B26FB67FD0034E121 /* Release */ = {
			isa = XCBuildConfiguration;
			buildSettings = {
				ASSETCATALOG_COMPILER_APPICON_NAME = AppIcon;
				ASSETCATALOG_COMPILER_GLOBAL_ACCENT_COLOR_NAME = AccentColor;
				CODE_SIGN_STYLE = Automatic;
				CURRENT_PROJECT_VERSION = 1;
				GENERATE_INFOPLIST_FILE = YES;
				INFOPLIST_FILE = ArrayFun/Info.plist;
				INFOPLIST_KEY_UIApplicationSupportsIndirectInputEvents = YES;
				INFOPLIST_KEY_UILaunchStoryboardName = LaunchScreen;
				INFOPLIST_KEY_UIMainStoryboardFile = Main;
				INFOPLIST_KEY_UISupportedInterfaceOrientations_iPad = "UIInterfaceOrientationPortrait UIInterfaceOrientationPortraitUpsideDown UIInterfaceOrientationLandscapeLeft UIInterfaceOrientationLandscapeRight";
				INFOPLIST_KEY_UISupportedInterfaceOrientations_iPhone = "UIInterfaceOrientationPortrait UIInterfaceOrientationLandscapeLeft UIInterfaceOrientationLandscapeRight";
				LD_RUNPATH_SEARCH_PATHS = (
					"$(inherited)",
					"@executable_path/Frameworks",
				);
				MARKETING_VERSION = 1.0;
				PRODUCT_BUNDLE_IDENTIFIER = br.com.example.ArrayFun;
				PRODUCT_NAME = "$(TARGET_NAME)";
				SWIFT_EMIT_LOC_STRINGS = YES;
				TARGETED_DEVICE_FAMILY = "1,2";
			};
			name = Release;
		};
/* End XCBuildConfiguration section */

/* Begin XCConfigurationList section */
		BA04D03B26FB67FC0034E121 /* Build configuration list for PBXProject "ArrayFun" */ = {
			isa = XCConfigurationList;
			buildConfigurations = (
				BA04D05726FB67FD0034E121 /* Debug */,
				BA04D05826FB67FD0034E121 /* Release */,
			);
			defaultConfigurationIsVisible = 0;
			defaultConfigurationName = Release;
		};
		BA04D05926FB67FD0034E121 /* Build configuration list for PBXNativeTarget "ArrayFun" */ = {
			isa = XCConfigurationList;
			buildConfigurations = (
				BA04D05A26FB67FD0034E121 /* Debug */,
				BA04D05B26FB67FD0034E121 /* Release */,
			);
			defaultConfigurationIsVisible = 0;
			defaultConfigurationName = Release;
		};
/* End XCConfigurationList section */
	};
	rootObject = BA04D03826FB67FC0034E121 /* Project object */;
}
